
Microsoft Visual Studio Solution File, Format Version 12.00
# Visual Studio 14
VisualStudioVersion = 14.0.25123.0
MinimumVisualStudioVersion = 10.0.40219.1
Project("{FAE04EC0-301F-11D3-BF4B-00C04F79EFBC}") = "CrossPlatformInfo", "CrossPlatformInfo\CrossPlatformInfo.csproj", "{B7603DCB-8553-4530-A94E-1D1B78C0B65D}"
EndProject
Project("{FAE04EC0-301F-11D3-BF4B-00C04F79EFBC}") = "CrossPlatformInfo.Example", "CrossPlatformInfo.Example\CrossPlatformInfo.Example.csproj", "{94C366F7-59E2-4942-BB8A-E8A39E984154}"
EndProject
Global
	GlobalSection(SolutionConfigurationPlatforms) = preSolution
		Debug|Any CPU = Debug|Any CPU
		Release|Any CPU = Release|Any CPU
	EndGlobalSection
	GlobalSection(ProjectConfigurationPlatforms) = postSolution
		{B7603DCB-8553-4530-A94E-1D1B78C0B65D}.Debug|Any CPU.ActiveCfg = Debug|Any CPU
		{B7603DCB-8553-4530-A94E-1D1B78C0B65D}.Debug|Any CPU.Build.0 = Debug|Any CPU
		{B7603DCB-8553-4530-A94E-1D1B78C0B65D}.Release|Any CPU.ActiveCfg = Release|Any CPU
		{B7603DCB-8553-4530-A94E-1D1B78C0B65D}.Release|Any CPU.Build.0 = Release|Any CPU
		{94C366F7-59E2-4942-BB8A-E8A39E984154}.Debug|Any CPU.ActiveCfg = Debug|Any CPU
		{94C366F7-59E2-4942-BB8A-E8A39E984154}.Debug|Any CPU.Build.0 = Debug|Any CPU
		{94C366F7-59E2-4942-BB8A-E8A39E984154}.Release|Any CPU.ActiveCfg = Release|Any CPU
		{94C366F7-59E2-4942-BB8A-E8A39E984154}.Release|Any CPU.Build.0 = Release|Any CPU
	EndGlobalSection
	GlobalSection(SolutionProperties) = preSolution
		HideSolutionNode = FALSE
	EndGlobalSection
EndGlobal
